
Microsoft Visual Studio Solution File, Format Version 12.00
# Visual Studio Version 17
VisualStudioVersion = 17.7.34031.279
MinimumVisualStudioVersion = 10.0.40219.1
Project("{FAE04EC0-301F-11D3-BF4B-00C04F79EFBC}") = "Web App for GitHub", "Web App for GitHub.csproj", "{D0283F88-AC56-47D5-A377-3318618C4859}"
EndProject
Global
	GlobalSection(SolutionConfigurationPlatforms) = preSolution
		Debug|Any CPU = Debug|Any CPU
		Release|Any CPU = Release|Any CPU
	EndGlobalSection
	GlobalSection(ProjectConfigurationPlatforms) = postSolution
		{D0283F88-AC56-47D5-A377-3318618C4859}.Debug|Any CPU.ActiveCfg = Debug|Any CPU
		{D0283F88-AC56-47D5-A377-3318618C4859}.Debug|Any CPU.Build.0 = Debug|Any CPU
		{D0283F88-AC56-47D5-A377-3318618C4859}.Release|Any CPU.ActiveCfg = Release|Any CPU
		{D0283F88-AC56-47D5-A377-3318618C4859}.Release|Any CPU.Build.0 = Release|Any CPU
	EndGlobalSection
	GlobalSection(SolutionProperties) = preSolution
		HideSolutionNode = FALSE
	EndGlobalSection
	GlobalSection(ExtensibilityGlobals) = postSolution
		SolutionGuid = {D60D0AA3-2F7E-40A9-AA6F-89437B7D6171}
	EndGlobalSection
EndGlobal
